
Microsoft Visual Studio Solution File, Format Version 12.00
# Visual Studio Version 16
VisualStudioVersion = 16.0.29709.97
MinimumVisualStudioVersion = 10.0.40219.1
Project("{FAE04EC0-301F-11D3-BF4B-00C04F79EFBC}") = "App7", "App7\App7.csproj", "{FABF247D-F62A-4A59-85C1-C9FCA20BE9A6}"
EndProject
Global
	GlobalSection(SolutionConfigurationPlatforms) = preSolution
		Debug|Any CPU = Debug|Any CPU
		Release|Any CPU = Release|Any CPU
	EndGlobalSection
	GlobalSection(ProjectConfigurationPlatforms) = postSolution
		{FABF247D-F62A-4A59-85C1-C9FCA20BE9A6}.Debug|Any CPU.ActiveCfg = Debug|Any CPU
		{FABF247D-F62A-4A59-85C1-C9FCA20BE9A6}.Debug|Any CPU.Build.0 = Debug|Any CPU
		{FABF247D-F62A-4A59-85C1-C9FCA20BE9A6}.Release|Any CPU.ActiveCfg = Release|Any CPU
		{FABF247D-F62A-4A59-85C1-C9FCA20BE9A6}.Release|Any CPU.Build.0 = Release|Any CPU
	EndGlobalSection
	GlobalSection(SolutionProperties) = preSolution
		HideSolutionNode = FALSE
	EndGlobalSection
	GlobalSection(ExtensibilityGlobals) = postSolution
		SolutionGuid = {2072A83B-8B3C-4E67-A4EC-4ED5A350556C}
	EndGlobalSection
EndGlobal
